
Microsoft Visual Studio Solution File, Format Version 12.00
# Visual Studio Version 16
VisualStudioVersion = 16.0.28803.202
MinimumVisualStudioVersion = 10.0.40219.1
Project("{FAE04EC0-301F-11D3-BF4B-00C04F79EFBC}") = "Calc", "Calc\Calc.csproj", "{5B57F2D0-C73D-4A1D-B48B-BDE1D7A58D24}"
EndProject
Global
	GlobalSection(SolutionConfigurationPlatforms) = preSolution
		Debug|Any CPU = Debug|Any CPU
		Release|Any CPU = Release|Any CPU
	EndGlobalSection
	GlobalSection(ProjectConfigurationPlatforms) = postSolution
		{5B57F2D0-C73D-4A1D-B48B-BDE1D7A58D24}.Debug|Any CPU.ActiveCfg = Debug|Any CPU
		{5B57F2D0-C73D-4A1D-B48B-BDE1D7A58D24}.Debug|Any CPU.Build.0 = Debug|Any CPU
		{5B57F2D0-C73D-4A1D-B48B-BDE1D7A58D24}.Release|Any CPU.ActiveCfg = Release|Any CPU
		{5B57F2D0-C73D-4A1D-B48B-BDE1D7A58D24}.Release|Any CPU.Build.0 = Release|Any CPU
	EndGlobalSection
	GlobalSection(SolutionProperties) = preSolution
		HideSolutionNode = FALSE
	EndGlobalSection
	GlobalSection(ExtensibilityGlobals) = postSolution
		SolutionGuid = {307B2933-CC1B-4CA5-A27C-9AB649E426FD}
	EndGlobalSection
EndGlobal
